
Microsoft Visual Studio Solution File, Format Version 12.00
# Visual Studio Version 17
VisualStudioVersion = 17.5.33424.131
MinimumVisualStudioVersion = 10.0.40219.1
Project("{FAE04EC0-301F-11D3-BF4B-00C04F79EFBC}") = "0404hw (visitor)", "0404hw (visitor)\0404hw (visitor).csproj", "{BAFE0526-BF6B-40B3-9091-4855D29A75BF}"
EndProject
Global
	GlobalSection(SolutionConfigurationPlatforms) = preSolution
		Debug|Any CPU = Debug|Any CPU
		Release|Any CPU = Release|Any CPU
	EndGlobalSection
	GlobalSection(ProjectConfigurationPlatforms) = postSolution
		{BAFE0526-BF6B-40B3-9091-4855D29A75BF}.Debug|Any CPU.ActiveCfg = Debug|Any CPU
		{BAFE0526-BF6B-40B3-9091-4855D29A75BF}.Debug|Any CPU.Build.0 = Debug|Any CPU
		{BAFE0526-BF6B-40B3-9091-4855D29A75BF}.Release|Any CPU.ActiveCfg = Release|Any CPU
		{BAFE0526-BF6B-40B3-9091-4855D29A75BF}.Release|Any CPU.Build.0 = Release|Any CPU
	EndGlobalSection
	GlobalSection(SolutionProperties) = preSolution
		HideSolutionNode = FALSE
	EndGlobalSection
	GlobalSection(ExtensibilityGlobals) = postSolution
		SolutionGuid = {23D84705-F7D7-4C37-9E5B-C03EA907C739}
	EndGlobalSection
EndGlobal
